
Microsoft Visual Studio Solution File, Format Version 12.00
# Visual Studio Version 17
VisualStudioVersion = 17.9.34728.123
MinimumVisualStudioVersion = 10.0.40219.1
Project("{9A19103F-16F7-4668-BE54-9A1E7A4F7556}") = "WebSocketNet8.Server", "WebSocketNet8.Server\WebSocketNet8.Server.csproj", "{42F8E4AD-6A59-4A19-8D27-8994E034D12F}"
EndProject
Project("{FAE04EC0-301F-11D3-BF4B-00C04F79EFBC}") = "WebSocketNet8.Client1", "WebSocketNet8.Client1\WebSocketNet8.Client1.csproj", "{4AD4C175-4B23-4D31-9CB1-18543E09E9B3}"
EndProject
Project("{FAE04EC0-301F-11D3-BF4B-00C04F79EFBC}") = "WebSocketNet8Library", "WebSocketNet8Library\WebSocketNet8Library.csproj", "{2A5EB58D-86FF-4DBB-A04E-5D4F3CDC4A38}"
EndProject
Global
	GlobalSection(SolutionConfigurationPlatforms) = preSolution
		Debug|Any CPU = Debug|Any CPU
		Release|Any CPU = Release|Any CPU
	EndGlobalSection
	GlobalSection(ProjectConfigurationPlatforms) = postSolution
		{42F8E4AD-6A59-4A19-8D27-8994E034D12F}.Debug|Any CPU.ActiveCfg = Debug|Any CPU
		{42F8E4AD-6A59-4A19-8D27-8994E034D12F}.Debug|Any CPU.Build.0 = Debug|Any CPU
		{42F8E4AD-6A59-4A19-8D27-8994E034D12F}.Release|Any CPU.ActiveCfg = Release|Any CPU
		{42F8E4AD-6A59-4A19-8D27-8994E034D12F}.Release|Any CPU.Build.0 = Release|Any CPU
		{4AD4C175-4B23-4D31-9CB1-18543E09E9B3}.Debug|Any CPU.ActiveCfg = Debug|Any CPU
		{4AD4C175-4B23-4D31-9CB1-18543E09E9B3}.Debug|Any CPU.Build.0 = Debug|Any CPU
		{4AD4C175-4B23-4D31-9CB1-18543E09E9B3}.Release|Any CPU.ActiveCfg = Release|Any CPU
		{4AD4C175-4B23-4D31-9CB1-18543E09E9B3}.Release|Any CPU.Build.0 = Release|Any CPU
		{2A5EB58D-86FF-4DBB-A04E-5D4F3CDC4A38}.Debug|Any CPU.ActiveCfg = Debug|Any CPU
		{2A5EB58D-86FF-4DBB-A04E-5D4F3CDC4A38}.Debug|Any CPU.Build.0 = Debug|Any CPU
		{2A5EB58D-86FF-4DBB-A04E-5D4F3CDC4A38}.Release|Any CPU.ActiveCfg = Release|Any CPU
		{2A5EB58D-86FF-4DBB-A04E-5D4F3CDC4A38}.Release|Any CPU.Build.0 = Release|Any CPU
	EndGlobalSection
	GlobalSection(SolutionProperties) = preSolution
		HideSolutionNode = FALSE
	EndGlobalSection
	GlobalSection(ExtensibilityGlobals) = postSolution
		SolutionGuid = {611E3712-59B7-46E2-A32D-03DEF848F7DD}
	EndGlobalSection
EndGlobal
